
Microsoft Visual Studio Solution File, Format Version 12.00
# Visual Studio Version 17
VisualStudioVersion = 17.0.32014.148
MinimumVisualStudioVersion = 10.0.40219.1
Project("{FAE04EC0-301F-11D3-BF4B-00C04F79EFBC}") = "Proyecto1", "Proyecto1\Proyecto1.csproj", "{CFB04BDE-F6CB-4067-A309-387311DDC706}"
EndProject
Global
	GlobalSection(SolutionConfigurationPlatforms) = preSolution
		Debug|Any CPU = Debug|Any CPU
		Release|Any CPU = Release|Any CPU
	EndGlobalSection
	GlobalSection(ProjectConfigurationPlatforms) = postSolution
		{CFB04BDE-F6CB-4067-A309-387311DDC706}.Debug|Any CPU.ActiveCfg = Debug|Any CPU
		{CFB04BDE-F6CB-4067-A309-387311DDC706}.Debug|Any CPU.Build.0 = Debug|Any CPU
		{CFB04BDE-F6CB-4067-A309-387311DDC706}.Release|Any CPU.ActiveCfg = Release|Any CPU
		{CFB04BDE-F6CB-4067-A309-387311DDC706}.Release|Any CPU.Build.0 = Release|Any CPU
	EndGlobalSection
	GlobalSection(SolutionProperties) = preSolution
		HideSolutionNode = FALSE
	EndGlobalSection
	GlobalSection(ExtensibilityGlobals) = postSolution
		SolutionGuid = {BA6086A8-5945-451E-85CF-AF3C06769427}
	EndGlobalSection
EndGlobal
